// !$*UTF8*$!
{
	archiveVersion = 1;
	classes = {
	};
	objectVersion = 56;
	objects = {

/* Begin PBXBuildFile section */
		DD6150CD2B3C57FD006913FD /* InstagramReelsLayoutApp.swift in Sources */ = {isa = PBXBuildFile; fileRef = DD6150CC2B3C57FD006913FD /* InstagramReelsLayoutApp.swift */; };
		DD6150CF2B3C57FD006913FD /* ContentView.swift in Sources */ = {isa = PBXBuildFile; fileRef = DD6150CE2B3C57FD006913FD /* ContentView.swift */; };
		DD6150D12B3C57FE006913FD /* Assets.xcassets in Resources */ = {isa = PBXBuildFile; fileRef = DD6150D02B3C57FE006913FD /* Assets.xcassets */; };
		DD6150D42B3C57FE006913FD /* Preview Assets.xcassets in Resources */ = {isa = PBXBuildFile; fileRef = DD6150D32B3C57FE006913FD /* Preview Assets.xcassets */; };
		DD6150E02B3C580A006913FD /* Reel 5.mp4 in Resources */ = {isa = PBXBuildFile; fileRef = DD6150DB2B3C580A006913FD /* Reel 5.mp4 */; };
		DD6150E12B3C580A006913FD /* Reel 4.mp4 in Resources */ = {isa = PBXBuildFile; fileRef = DD6150DC2B3C580A006913FD /* Reel 4.mp4 */; };
		DD6150E22B3C580A006913FD /* Reel 1.mp4 in Resources */ = {isa = PBXBuildFile; fileRef = DD6150DD2B3C580A006913FD /* Reel 1.mp4 */; };
		DD6150E32B3C580A006913FD /* Reel 3.mp4 in Resources */ = {isa = PBXBuildFile; fileRef = DD6150DE2B3C580A006913FD /* Reel 3.mp4 */; };
		DD6150E42B3C580A006913FD /* Reel 2.mp4 in Resources */ = {isa = PBXBuildFile; fileRef = DD6150DF2B3C580A006913FD /* Reel 2.mp4 */; };
		DD6150E82B3C5879006913FD /* Reel.swift in Sources */ = {isa = PBXBuildFile; fileRef = DD6150E72B3C5879006913FD /* Reel.swift */; };
		DD6150EA2B3C590C006913FD /* Like.swift in Sources */ = {isa = PBXBuildFile; fileRef = DD6150E92B3C590C006913FD /* Like.swift */; };
		DD6150EC2B3C6041006913FD /* Home.swift in Sources */ = {isa = PBXBuildFile; fileRef = DD6150EB2B3C6041006913FD /* Home.swift */; };
		DD6150EE2B3C636C006913FD /* ReelView.swift in Sources */ = {isa = PBXBuildFile; fileRef = DD6150ED2B3C636C006913FD /* ReelView.swift */; };
		DD6150F02B3C63A1006913FD /* CustomVideoPlayer.swift in Sources */ = {isa = PBXBuildFile; fileRef = DD6150EF2B3C63A1006913FD /* CustomVideoPlayer.swift */; };
		DD6150F32B3C6CFA006913FD /* OffsetKeys.swift in Sources */ = {isa = PBXBuildFile; fileRef = DD6150F22B3C6CFA006913FD /* OffsetKeys.swift */; };
/* End PBXBuildFile section */

/* Begin PBXFileReference section */
		DD6150C92B3C57FD006913FD /* InstagramReelsLayout.app */ = {isa = PBXFileReference; explicitFileType = wrapper.application; includeInIndex = 0; path = InstagramReelsLayout.app; sourceTree = BUILT_PRODUCTS_DIR; };
		DD6150CC2B3C57FD006913FD /* InstagramReelsLayoutApp.swift */ = {isa = PBXFileReference; lastKnownFileType = sourcecode.swift; path = InstagramReelsLayoutApp.swift; sourceTree = "<group>"; };
		DD6150CE2B3C57FD006913FD /* ContentView.swift */ = {isa = PBXFileReference; lastKnownFileType = sourcecode.swift; path = ContentView.swift; sourceTree = "<group>"; };
		DD6150D02B3C57FE006913FD /* Assets.xcassets */ = {isa = PBXFileReference; lastKnownFileType = folder.assetcatalog; path = Assets.xcassets; sourceTree = "<group>"; };
		DD6150D32B3C57FE006913FD /* Preview Assets.xcassets */ = {isa = PBXFileReference; lastKnownFileType = folder.assetcatalog; path = "Preview Assets.xcassets"; sourceTree = "<group>"; };
		DD6150DB2B3C580A006913FD /* Reel 5.mp4 */ = {isa = PBXFileReference; lastKnownFileType = file; path = "Reel 5.mp4"; sourceTree = "<group>"; };
		DD6150DC2B3C580A006913FD /* Reel 4.mp4 */ = {isa = PBXFileReference; lastKnownFileType = file; path = "Reel 4.mp4"; sourceTree = "<group>"; };
		DD6150DD2B3C580A006913FD /* Reel 1.mp4 */ = {isa = PBXFileReference; lastKnownFileType = file; path = "Reel 1.mp4"; sourceTree = "<group>"; };
		DD6150DE2B3C580A006913FD /* Reel 3.mp4 */ = {isa = PBXFileReference; lastKnownFileType = file; path = "Reel 3.mp4"; sourceTree = "<group>"; };
		DD6150DF2B3C580A006913FD /* Reel 2.mp4 */ = {isa = PBXFileReference; lastKnownFileType = file; path = "Reel 2.mp4"; sourceTree = "<group>"; };
		DD6150E72B3C5879006913FD /* Reel.swift */ = {isa = PBXFileReference; lastKnownFileType = sourcecode.swift; path = Reel.swift; sourceTree = "<group>"; };
		DD6150E92B3C590C006913FD /* Like.swift */ = {isa = PBXFileReference; lastKnownFileType = sourcecode.swift; path = Like.swift; sourceTree = "<group>"; };
		DD6150EB2B3C6041006913FD /* Home.swift */ = {isa = PBXFileReference; lastKnownFileType = sourcecode.swift; path = Home.swift; sourceTree = "<group>"; };
		DD6150ED2B3C636C006913FD /* ReelView.swift */ = {isa = PBXFileReference; lastKnownFileType = sourcecode.swift; path = ReelView.swift; sourceTree = "<group>"; };
		DD6150EF2B3C63A1006913FD /* CustomVideoPlayer.swift */ = {isa = PBXFileReference; lastKnownFileType = sourcecode.swift; path = CustomVideoPlayer.swift; sourceTree = "<group>"; };
		DD6150F22B3C6CFA006913FD /* OffsetKeys.swift */ = {isa = PBXFileReference; lastKnownFileType = sourcecode.swift; path = OffsetKeys.swift; sourceTree = "<group>"; };
/* End PBXFileReference section */

/* Begin PBXFrameworksBuildPhase section */
		DD6150C62B3C57FD006913FD /* Frameworks */ = {
			isa = PBXFrameworksBuildPhase;
			buildActionMask = 2147483647;
			files = (
			);
			runOnlyForDeploymentPostprocessing = 0;
		};
/* End PBXFrameworksBuildPhase section */

/* Begin PBXGroup section */
		DD6150C02B3C57FD006913FD = {
			isa = PBXGroup;
			children = (
				DD6150DA2B3C580A006913FD /* Videos */,
				DD6150CB2B3C57FD006913FD /* InstagramReelsLayout */,
				DD6150CA2B3C57FD006913FD /* Products */,
			);
			sourceTree = "<group>";
		};
		DD6150CA2B3C57FD006913FD /* Products */ = {
			isa = PBXGroup;
			children = (
				DD6150C92B3C57FD006913FD /* InstagramReelsLayout.app */,
			);
			name = Products;
			sourceTree = "<group>";
		};
		DD6150CB2B3C57FD006913FD /* InstagramReelsLayout */ = {
			isa = PBXGroup;
			children = (
				DD6150F12B3C6CEA006913FD /* Keys */,
				DD6150E62B3C5864006913FD /* View */,
				DD6150E52B3C585F006913FD /* Model */,
				DD6150CC2B3C57FD006913FD /* InstagramReelsLayoutApp.swift */,
				DD6150CE2B3C57FD006913FD /* ContentView.swift */,
				DD6150D02B3C57FE006913FD /* Assets.xcassets */,
				DD6150D22B3C57FE006913FD /* Preview Content */,
			);
			path = InstagramReelsLayout;
			sourceTree = "<group>";
		};
		DD6150D22B3C57FE006913FD /* Preview Content */ = {
			isa = PBXGroup;
			children = (
				DD6150D32B3C57FE006913FD /* Preview Assets.xcassets */,
			);
			path = "Preview Content";
			sourceTree = "<group>";
		};
		DD6150DA2B3C580A006913FD /* Videos */ = {
			isa = PBXGroup;
			children = (
				DD6150DB2B3C580A006913FD /* Reel 5.mp4 */,
				DD6150DC2B3C580A006913FD /* Reel 4.mp4 */,
				DD6150DD2B3C580A006913FD /* Reel 1.mp4 */,
				DD6150DE2B3C580A006913FD /* Reel 3.mp4 */,
				DD6150DF2B3C580A006913FD /* Reel 2.mp4 */,
			);
			path = Videos;
			sourceTree = "<group>";
		};
		DD6150E52B3C585F006913FD /* Model */ = {
			isa = PBXGroup;
			children = (
				DD6150E72B3C5879006913FD /* Reel.swift */,
				DD6150E92B3C590C006913FD /* Like.swift */,
			);
			path = Model;
			sourceTree = "<group>";
		};
		DD6150E62B3C5864006913FD /* View */ = {
			isa = PBXGroup;
			children = (
				DD6150EB2B3C6041006913FD /* Home.swift */,
				DD6150ED2B3C636C006913FD /* ReelView.swift */,
				DD6150EF2B3C63A1006913FD /* CustomVideoPlayer.swift */,
			);
			path = View;
			sourceTree = "<group>";
		};
		DD6150F12B3C6CEA006913FD /* Keys */ = {
			isa = PBXGroup;
			children = (
				DD6150F22B3C6CFA006913FD /* OffsetKeys.swift */,
			);
			path = Keys;
			sourceTree = "<group>";
		};
/* End PBXGroup section */

/* Begin PBXNativeTarget section */
		DD6150C82B3C57FD006913FD /* InstagramReelsLayout */ = {
			isa = PBXNativeTarget;
			buildConfigurationList = DD6150D72B3C57FE006913FD /* Build configuration list for PBXNativeTarget "InstagramReelsLayout" */;
			buildPhases = (
				DD6150C52B3C57FD006913FD /* Sources */,
				DD6150C62B3C57FD006913FD /* Frameworks */,
				DD6150C72B3C57FD006913FD /* Resources */,
			);
			buildRules = (
			);
			dependencies = (
			);
			name = InstagramReelsLayout;
			productName = InstagramReelsLayout;
			productReference = DD6150C92B3C57FD006913FD /* InstagramReelsLayout.app */;
			productType = "com.apple.product-type.application";
		};
/* End PBXNativeTarget section */

/* Begin PBXProject section */
		DD6150C12B3C57FD006913FD /* Project object */ = {
			isa = PBXProject;
			attributes = {
				BuildIndependentTargetsInParallel = 1;
				LastSwiftUpdateCheck = 1510;
				LastUpgradeCheck = 1510;
				TargetAttributes = {
					DD6150C82B3C57FD006913FD = {
						CreatedOnToolsVersion = 15.1;
					};
				};
			};
			buildConfigurationList = DD6150C42B3C57FD006913FD /* Build configuration list for PBXProject "InstagramReelsLayout" */;
			compatibilityVersion = "Xcode 14.0";
			developmentRegion = en;
			hasScannedForEncodings = 0;
			knownRegions = (
				en,
				Base,
			);
			mainGroup = DD6150C02B3C57FD006913FD;
			productRefGroup = DD6150CA2B3C57FD006913FD /* Products */;
			projectDirPath = "";
			projectRoot = "";
			targets = (
				DD6150C82B3C57FD006913FD /* InstagramReelsLayout */,
			);
		};
/* End PBXProject section */

/* Begin PBXResourcesBuildPhase section */
		DD6150C72B3C57FD006913FD /* Resources */ = {
			isa = PBXResourcesBuildPhase;
			buildActionMask = 2147483647;
			files = (
				DD6150E32B3C580A006913FD /* Reel 3.mp4 in Resources */,
				DD6150D42B3C57FE006913FD /* Preview Assets.xcassets in Resources */,
				DD6150E12B3C580A006913FD /* Reel 4.mp4 in Resources */,
				DD6150E02B3C580A006913FD /* Reel 5.mp4 in Resources */,
				DD6150E42B3C580A006913FD /* Reel 2.mp4 in Resources */,
				DD6150E22B3C580A006913FD /* Reel 1.mp4 in Resources */,
				DD6150D12B3C57FE006913FD /* Assets.xcassets in Resources */,
			);
			runOnlyForDeploymentPostprocessing = 0;
		};
/* End PBXResourcesBuildPhase section */

/* Begin PBXSourcesBuildPhase section */
		DD6150C52B3C57FD006913FD /* Sources */ = {
			isa = PBXSourcesBuildPhase;
			buildActionMask = 2147483647;
			files = (
				DD6150F02B3C63A1006913FD /* CustomVideoPlayer.swift in Sources */,
				DD6150EE2B3C636C006913FD /* ReelView.swift in Sources */,
				DD6150CF2B3C57FD006913FD /* ContentView.swift in Sources */,
				DD6150E82B3C5879006913FD /* Reel.swift in Sources */,
				DD6150EC2B3C6041006913FD /* Home.swift in Sources */,
				DD6150EA2B3C590C006913FD /* Like.swift in Sources */,
				DD6150F32B3C6CFA006913FD /* OffsetKeys.swift in Sources */,
				DD6150CD2B3C57FD006913FD /* InstagramReelsLayoutApp.swift in Sources */,
			);
			runOnlyForDeploymentPostprocessing = 0;
		};
/* End PBXSourcesBuildPhase section */

/* Begin XCBuildConfiguration section */
		DD6150D52B3C57FE006913FD /* Debug */ = {
			isa = XCBuildConfiguration;
			buildSettings = {
				ALWAYS_SEARCH_USER_PATHS = NO;
				ASSETCATALOG_COMPILER_GENERATE_SWIFT_ASSET_SYMBOL_EXTENSIONS = YES;
				CLANG_ANALYZER_NONNULL = YES;
				CLANG_ANALYZER_NUMBER_OBJECT_CONVERSION = YES_AGGRESSIVE;
				CLANG_CXX_LANGUAGE_STANDARD = "gnu++20";
				CLANG_ENABLE_MODULES = YES;
				CLANG_ENABLE_OBJC_ARC = YES;
				CLANG_ENABLE_OBJC_WEAK = YES;
				CLANG_WARN_BLOCK_CAPTURE_AUTORELEASING = YES;
				CLANG_WARN_BOOL_CONVERSION = YES;
				CLANG_WARN_COMMA = YES;
				CLANG_WARN_CONSTANT_CONVERSION = YES;
				CLANG_WARN_DEPRECATED_OBJC_IMPLEMENTATIONS = YES;
				CLANG_WARN_DIRECT_OBJC_ISA_USAGE = YES_ERROR;
				CLANG_WARN_DOCUMENTATION_COMMENTS = YES;
				CLANG_WARN_EMPTY_BODY = YES;
				CLANG_WARN_ENUM_CONVERSION = YES;
				CLANG_WARN_INFINITE_RECURSION = YES;
				CLANG_WARN_INT_CONVERSION = YES;
				CLANG_WARN_NON_LITERAL_NULL_CONVERSION = YES;
				CLANG_WARN_OBJC_IMPLICIT_RETAIN_SELF = YES;
				CLANG_WARN_OBJC_LITERAL_CONVERSION = YES;
				CLANG_WARN_OBJC_ROOT_CLASS = YES_ERROR;
				CLANG_WARN_QUOTED_INCLUDE_IN_FRAMEWORK_HEADER = YES;
				CLANG_WARN_RANGE_LOOP_ANALYSIS = YES;
				CLANG_WARN_STRICT_PROTOTYPES = YES;
				CLANG_WARN_SUSPICIOUS_MOVE = YES;
				CLANG_WARN_UNGUARDED_AVAILABILITY = YES_AGGRESSIVE;
				CLANG_WARN_UNREACHABLE_CODE = YES;
				CLANG_WARN__DUPLICATE_METHOD_MATCH = YES;
				COPY_PHASE_STRIP = NO;
				DEBUG_INFORMATION_FORMAT = dwarf;
				ENABLE_STRICT_OBJC_MSGSEND = YES;
				ENABLE_TESTABILITY = YES;
				ENABLE_USER_SCRIPT_SANDBOXING = YES;
				GCC_C_LANGUAGE_STANDARD = gnu17;
				GCC_DYNAMIC_NO_PIC = NO;
				GCC_NO_COMMON_BLOCKS = YES;
				GCC_OPTIMIZATION_LEVEL = 0;
				GCC_PREPROCESSOR_DEFINITIONS = (
					"DEBUG=1",
					"$(inherited)",
				);
				GCC_WARN_64_TO_32_BIT_CONVERSION = YES;
				GCC_WARN_ABOUT_RETURN_TYPE = YES_ERROR;
				GCC_WARN_UNDECLARED_SELECTOR = YES;
				GCC_WARN_UNINITIALIZED_AUTOS = YES_AGGRESSIVE;
				GCC_WARN_UNUSED_FUNCTION = YES;
				GCC_WARN_UNUSED_VARIABLE = YES;
				IPHONEOS_DEPLOYMENT_TARGET = 17.2;
				LOCALIZATION_PREFERS_STRING_CATALOGS = YES;
				MTL_ENABLE_DEBUG_INFO = INCLUDE_SOURCE;
				MTL_FAST_MATH = YES;
				ONLY_ACTIVE_ARCH = YES;
				SDKROOT = iphoneos;
				SWIFT_ACTIVE_COMPILATION_CONDITIONS = "DEBUG $(inherited)";
				SWIFT_OPTIMIZATION_LEVEL = "-Onone";
			};
			name = Debug;
		};
		DD6150D62B3C57FE006913FD /* Release */ = {
			isa = XCBuildConfiguration;
			buildSettings = {
				ALWAYS_SEARCH_USER_PATHS = NO;
				ASSETCATALOG_COMPILER_GENERATE_SWIFT_ASSET_SYMBOL_EXTENSIONS = YES;
				CLANG_ANALYZER_NONNULL = YES;
				CLANG_ANALYZER_NUMBER_OBJECT_CONVERSION = YES_AGGRESSIVE;
				CLANG_CXX_LANGUAGE_STANDARD = "gnu++20";
				CLANG_ENABLE_MODULES = YES;
				CLANG_ENABLE_OBJC_ARC = YES;
				CLANG_ENABLE_OBJC_WEAK = YES;
				CLANG_WARN_BLOCK_CAPTURE_AUTORELEASING = YES;
				CLANG_WARN_BOOL_CONVERSION = YES;
				CLANG_WARN_COMMA = YES;
				CLANG_WARN_CONSTANT_CONVERSION = YES;
				CLANG_WARN_DEPRECATED_OBJC_IMPLEMENTATIONS = YES;
				CLANG_WARN_DIRECT_OBJC_ISA_USAGE = YES_ERROR;
				CLANG_WARN_DOCUMENTATION_COMMENTS = YES;
				CLANG_WARN_EMPTY_BODY = YES;
				CLANG_WARN_ENUM_CONVERSION = YES;
				CLANG_WARN_INFINITE_RECURSION = YES;
				CLANG_WARN_INT_CONVERSION = YES;
				CLANG_WARN_NON_LITERAL_NULL_CONVERSION = YES;
				CLANG_WARN_OBJC_IMPLICIT_RETAIN_SELF = YES;
				CLANG_WARN_OBJC_LITERAL_CONVERSION = YES;
				CLANG_WARN_OBJC_ROOT_CLASS = YES_ERROR;
				CLANG_WARN_QUOTED_INCLUDE_IN_FRAMEWORK_HEADER = YES;
				CLANG_WARN_RANGE_LOOP_ANALYSIS = YES;
				CLANG_WARN_STRICT_PROTOTYPES = YES;
				CLANG_WARN_SUSPICIOUS_MOVE = YES;
				CLANG_WARN_UNGUARDED_AVAILABILITY = YES_AGGRESSIVE;
				CLANG_WARN_UNREACHABLE_CODE = YES;
				CLANG_WARN__DUPLICATE_METHOD_MATCH = YES;
				COPY_PHASE_STRIP = NO;
				DEBUG_INFORMATION_FORMAT = "dwarf-with-dsym";
				ENABLE_NS_ASSERTIONS = NO;
				ENABLE_STRICT_OBJC_MSGSEND = YES;
				ENABLE_USER_SCRIPT_SANDBOXING = YES;
				GCC_C_LANGUAGE_STANDARD = gnu17;
				GCC_NO_COMMON_BLOCKS = YES;
				GCC_WARN_64_TO_32_BIT_CONVERSION = YES;
				GCC_WARN_ABOUT_RETURN_TYPE = YES_ERROR;
				GCC_WARN_UNDECLARED_SELECTOR = YES;
				GCC_WARN_UNINITIALIZED_AUTOS = YES_AGGRESSIVE;
				GCC_WARN_UNUSED_FUNCTION = YES;
				GCC_WARN_UNUSED_VARIABLE = YES;
				IPHONEOS_DEPLOYMENT_TARGET = 17.2;
				LOCALIZATION_PREFERS_STRING_CATALOGS = YES;
				MTL_ENABLE_DEBUG_INFO = NO;
				MTL_FAST_MATH = YES;
				SDKROOT = iphoneos;
				SWIFT_COMPILATION_MODE = wholemodule;
				VALIDATE_PRODUCT = YES;
			};
			name = Release;
		};
		DD6150D82B3C57FE006913FD /* Debug */ = {
			isa = XCBuildConfiguration;
			buildSettings = {
				ASSETCATALOG_COMPILER_APPICON_NAME = AppIcon;
				ASSETCATALOG_COMPILER_GLOBAL_ACCENT_COLOR_NAME = AccentColor;
				CODE_SIGN_STYLE = Automatic;
				CURRENT_PROJECT_VERSION = 1;
				DEVELOPMENT_ASSET_PATHS = "\"InstagramReelsLayout/Preview Content\"";
				ENABLE_PREVIEWS = YES;
				GENERATE_INFOPLIST_FILE = YES;
				INFOPLIST_KEY_UIApplicationSceneManifest_Generation = YES;
				INFOPLIST_KEY_UIApplicationSupportsIndirectInputEvents = YES;
				INFOPLIST_KEY_UILaunchScreen_Generation = YES;
				INFOPLIST_KEY_UISupportedInterfaceOrientations_iPad = "UIInterfaceOrientationPortrait UIInterfaceOrientationPortraitUpsideDown UIInterfaceOrientationLandscapeLeft UIInterfaceOrientationLandscapeRight";
				INFOPLIST_KEY_UISupportedInterfaceOrientations_iPhone = "UIInterfaceOrientationPortrait UIInterfaceOrientationLandscapeLeft UIInterfaceOrientationLandscapeRight";
				LD_RUNPATH_SEARCH_PATHS = (
					"$(inherited)",
					"@executable_path/Frameworks",
				);
				MARKETING_VERSION = 1.0;
				PRODUCT_BUNDLE_IDENTIFIER = com.InstagramReelsLayout;
				PRODUCT_NAME = "$(TARGET_NAME)";
				SWIFT_EMIT_LOC_STRINGS = YES;
				SWIFT_VERSION = 5.0;
				TARGETED_DEVICE_FAMILY = "1,2";
			};
			name = Debug;
		};
		DD6150D92B3C57FE006913FD /* Release */ = {
			isa = XCBuildConfiguration;
			buildSettings = {
				ASSETCATALOG_COMPILER_APPICON_NAME = AppIcon;
				ASSETCATALOG_COMPILER_GLOBAL_ACCENT_COLOR_NAME = AccentColor;
				CODE_SIGN_STYLE = Automatic;
				CURRENT_PROJECT_VERSION = 1;
				DEVELOPMENT_ASSET_PATHS = "\"InstagramReelsLayout/Preview Content\"";
				ENABLE_PREVIEWS = YES;
				GENERATE_INFOPLIST_FILE = YES;
				INFOPLIST_KEY_UIApplicationSceneManifest_Generation = YES;
				INFOPLIST_KEY_UIApplicationSupportsIndirectInputEvents = YES;
				INFOPLIST_KEY_UILaunchScreen_Generation = YES;
				INFOPLIST_KEY_UISupportedInterfaceOrientations_iPad = "UIInterfaceOrientationPortrait UIInterfaceOrientationPortraitUpsideDown UIInterfaceOrientationLandscapeLeft UIInterfaceOrientationLandscapeRight";
				INFOPLIST_KEY_UISupportedInterfaceOrientations_iPhone = "UIInterfaceOrientationPortrait UIInterfaceOrientationLandscapeLeft UIInterfaceOrientationLandscapeRight";
				LD_RUNPATH_SEARCH_PATHS = (
					"$(inherited)",
					"@executable_path/Frameworks",
				);
				MARKETING_VERSION = 1.0;
				PRODUCT_BUNDLE_IDENTIFIER = com.InstagramReelsLayout;
				PRODUCT_NAME = "$(TARGET_NAME)";
				SWIFT_EMIT_LOC_STRINGS = YES;
				SWIFT_VERSION = 5.0;
				TARGETED_DEVICE_FAMILY = "1,2";
			};
			name = Release;
		};
/* End XCBuildConfiguration section */

/* Begin XCConfigurationList section */
		DD6150C42B3C57FD006913FD /* Build configuration list for PBXProject "InstagramReelsLayout" */ = {
			isa = XCConfigurationList;
			buildConfigurations = (
				DD6150D52B3C57FE006913FD /* Debug */,
				DD6150D62B3C57FE006913FD /* Release */,
			);
			defaultConfigurationIsVisible = 0;
			defaultConfigurationName = Release;
		};
		DD6150D72B3C57FE006913FD /* Build configuration list for PBXNativeTarget "InstagramReelsLayout" */ = {
			isa = XCConfigurationList;
			buildConfigurations = (
				DD6150D82B3C57FE006913FD /* Debug */,
				DD6150D92B3C57FE006913FD /* Release */,
			);
			defaultConfigurationIsVisible = 0;
			defaultConfigurationName = Release;
		};
/* End XCConfigurationList section */
	};
	rootObject = DD6150C12B3C57FD006913FD /* Project object */;
}
